
Microsoft Visual Studio Solution File, Format Version 12.00
# Visual Studio 15
VisualStudioVersion = 15.0.27130.2036
MinimumVisualStudioVersion = 10.0.40219.1
Project("{FAE04EC0-301F-11D3-BF4B-00C04F79EFBC}") = "TrainingExamples.Android", "TrainingExamples\TrainingExamples.Android\TrainingExamples.Android.csproj", "{1D78DEA8-858C-40AF-8F0F-011B475CC520}"
EndProject
Project("{FAE04EC0-301F-11D3-BF4B-00C04F79EFBC}") = "TrainingExamples.iOS", "TrainingExamples\TrainingExamples.iOS\TrainingExamples.iOS.csproj", "{64FEB0A6-561E-47FE-83ED-96F6F1FC5AFE}"
EndProject
Project("{FAE04EC0-301F-11D3-BF4B-00C04F79EFBC}") = "TrainingExamples.UWP", "TrainingExamples\TrainingExamples.UWP\TrainingExamples.UWP.csproj", "{7FBF6466-5FAC-4D4A-BAD4-95FCC5D9E829}"
EndProject
Project("{FAE04EC0-301F-11D3-BF4B-00C04F79EFBC}") = "TrainingExamples", "TrainingExamples\TrainingExamples\TrainingExamples.csproj", "{EA0297D3-0D9E-4408-A110-091806FA329F}"
EndProject
Global
	GlobalSection(SolutionConfigurationPlatforms) = preSolution
		Ad-Hoc|Any CPU = Ad-Hoc|Any CPU
		Ad-Hoc|ARM = Ad-Hoc|ARM
		Ad-Hoc|iPhone = Ad-Hoc|iPhone
		Ad-Hoc|iPhoneSimulator = Ad-Hoc|iPhoneSimulator
		Ad-Hoc|x64 = Ad-Hoc|x64
		Ad-Hoc|x86 = Ad-Hoc|x86
		AppStore|Any CPU = AppStore|Any CPU
		AppStore|ARM = AppStore|ARM
		AppStore|iPhone = AppStore|iPhone
		AppStore|iPhoneSimulator = AppStore|iPhoneSimulator
		AppStore|x64 = AppStore|x64
		AppStore|x86 = AppStore|x86
		Debug|Any CPU = Debug|Any CPU
		Debug|ARM = Debug|ARM
		Debug|iPhone = Debug|iPhone
		Debug|iPhoneSimulator = Debug|iPhoneSimulator
		Debug|x64 = Debug|x64
		Debug|x86 = Debug|x86
		Release|Any CPU = Release|Any CPU
		Release|ARM = Release|ARM
		Release|iPhone = Release|iPhone
		Release|iPhoneSimulator = Release|iPhoneSimulator
		Release|x64 = Release|x64
		Release|x86 = Release|x86
	EndGlobalSection
	GlobalSection(ProjectConfigurationPlatforms) = postSolution
		{1D78DEA8-858C-40AF-8F0F-011B475CC520}.Ad-Hoc|Any CPU.ActiveCfg = Release|Any CPU
		{1D78DEA8-858C-40AF-8F0F-011B475CC520}.Ad-Hoc|Any CPU.Build.0 = Release|Any CPU
		{1D78DEA8-858C-40AF-8F0F-011B475CC520}.Ad-Hoc|Any CPU.Deploy.0 = Release|Any CPU
		{1D78DEA8-858C-40AF-8F0F-011B475CC520}.Ad-Hoc|ARM.ActiveCfg = Release|Any CPU
		{1D78DEA8-858C-40AF-8F0F-011B475CC520}.Ad-Hoc|ARM.Build.0 = Release|Any CPU
		{1D78DEA8-858C-40AF-8F0F-011B475CC520}.Ad-Hoc|ARM.Deploy.0 = Release|Any CPU
		{1D78DEA8-858C-40AF-8F0F-011B475CC520}.Ad-Hoc|iPhone.ActiveCfg = Release|Any CPU
		{1D78DEA8-858C-40AF-8F0F-011B475CC520}.Ad-Hoc|iPhone.Build.0 = Release|Any CPU
		{1D78DEA8-858C-40AF-8F0F-011B475CC520}.Ad-Hoc|iPhone.Deploy.0 = Release|Any CPU
		{1D78DEA8-858C-40AF-8F0F-011B475CC520}.Ad-Hoc|iPhoneSimulator.ActiveCfg = Release|Any CPU
		{1D78DEA8-858C-40AF-8F0F-011B475CC520}.Ad-Hoc|iPhoneSimulator.Build.0 = Release|Any CPU
		{1D78DEA8-858C-40AF-8F0F-011B475CC520}.Ad-Hoc|iPhoneSimulator.Deploy.0 = Release|Any CPU
		{1D78DEA8-858C-40AF-8F0F-011B475CC520}.Ad-Hoc|x64.ActiveCfg = Release|Any CPU
		{1D78DEA8-858C-40AF-8F0F-011B475CC520}.Ad-Hoc|x64.Build.0 = Release|Any CPU
		{1D78DEA8-858C-40AF-8F0F-011B475CC520}.Ad-Hoc|x64.Deploy.0 = Release|Any CPU
		{1D78DEA8-858C-40AF-8F0F-011B475CC520}.Ad-Hoc|x86.ActiveCfg = Release|Any CPU
		{1D78DEA8-858C-40AF-8F0F-011B475CC520}.Ad-Hoc|x86.Build.0 = Release|Any CPU
		{1D78DEA8-858C-40AF-8F0F-011B475CC520}.Ad-Hoc|x86.Deploy.0 = Release|Any CPU
		{1D78DEA8-858C-40AF-8F0F-011B475CC520}.AppStore|Any CPU.ActiveCfg = Release|Any CPU
		{1D78DEA8-858C-40AF-8F0F-011B475CC520}.AppStore|Any CPU.Build.0 = Release|Any CPU
		{1D78DEA8-858C-40AF-8F0F-011B475CC520}.AppStore|Any CPU.Deploy.0 = Release|Any CPU
		{1D78DEA8-858C-40AF-8F0F-011B475CC520}.AppStore|ARM.ActiveCfg = Release|Any CPU
		{1D78DEA8-858C-40AF-8F0F-011B475CC520}.AppStore|ARM.Build.0 = Release|Any CPU
		{1D78DEA8-858C-40AF-8F0F-011B475CC520}.AppStore|ARM.Deploy.0 = Release|Any CPU
		{1D78DEA8-858C-40AF-8F0F-011B475CC520}.AppStore|iPhone.ActiveCfg = Release|Any CPU
		{1D78DEA8-858C-40AF-8F0F-011B475CC520}.AppStore|iPhone.Build.0 = Release|Any CPU
		{1D78DEA8-858C-40AF-8F0F-011B475CC520}.AppStore|iPhone.Deploy.0 = Release|Any CPU
		{1D78DEA8-858C-40AF-8F0F-011B475CC520}.AppStore|iPhoneSimulator.ActiveCfg = Release|Any CPU
		{1D78DEA8-858C-40AF-8F0F-011B475CC520}.AppStore|iPhoneSimulator.Build.0 = Release|Any CPU
		{1D78DEA8-858C-40AF-8F0F-011B475CC520}.AppStore|iPhoneSimulator.Deploy.0 = Release|Any CPU
		{1D78DEA8-858C-40AF-8F0F-011B475CC520}.AppStore|x64.ActiveCfg = Release|Any CPU
		{1D78DEA8-858C-40AF-8F0F-011B475CC520}.AppStore|x64.Build.0 = Release|Any CPU
		{1D78DEA8-858C-40AF-8F0F-011B475CC520}.AppStore|x64.Deploy.0 = Release|Any CPU
		{1D78DEA8-858C-40AF-8F0F-011B475CC520}.AppStore|x86.ActiveCfg = Release|Any CPU
		{1D78DEA8-858C-40AF-8F0F-011B475CC520}.AppStore|x86.Build.0 = Release|Any CPU
		{1D78DEA8-858C-40AF-8F0F-011B475CC520}.AppStore|x86.Deploy.0 = Release|Any CPU
		{1D78DEA8-858C-40AF-8F0F-011B475CC520}.Debug|Any CPU.ActiveCfg = Debug|Any CPU
		{1D78DEA8-858C-40AF-8F0F-011B475CC520}.Debug|Any CPU.Build.0 = Debug|Any CPU
		{1D78DEA8-858C-40AF-8F0F-011B475CC520}.Debug|Any CPU.Deploy.0 = Debug|Any CPU
		{1D78DEA8-858C-40AF-8F0F-011B475CC520}.Debug|ARM.ActiveCfg = Debug|Any CPU
		{1D78DEA8-858C-40AF-8F0F-011B475CC520}.Debug|ARM.Build.0 = Debug|Any CPU
		{1D78DEA8-858C-40AF-8F0F-011B475CC520}.Debug|ARM.Deploy.0 = Debug|Any CPU
		{1D78DEA8-858C-40AF-8F0F-011B475CC520}.Debug|iPhone.ActiveCfg = Debug|Any CPU
		{1D78DEA8-858C-40AF-8F0F-011B475CC520}.Debug|iPhone.Build.0 = Debug|Any CPU
		{1D78DEA8-858C-40AF-8F0F-011B475CC520}.Debug|iPhone.Deploy.0 = Debug|Any CPU
		{1D78DEA8-858C-40AF-8F0F-011B475CC520}.Debug|iPhoneSimulator.ActiveCfg = Debug|Any CPU
		{1D78DEA8-858C-40AF-8F0F-011B475CC520}.Debug|iPhoneSimulator.Build.0 = Debug|Any CPU
		{1D78DEA8-858C-40AF-8F0F-011B475CC520}.Debug|iPhoneSimulator.Deploy.0 = Debug|Any CPU
		{1D78DEA8-858C-40AF-8F0F-011B475CC520}.Debug|x64.ActiveCfg = Debug|Any CPU
		{1D78DEA8-858C-40AF-8F0F-011B475CC520}.Debug|x64.Build.0 = Debug|Any CPU
		{1D78DEA8-858C-40AF-8F0F-011B475CC520}.Debug|x64.Deploy.0 = Debug|Any CPU
		{1D78DEA8-858C-40AF-8F0F-011B475CC520}.Debug|x86.ActiveCfg = Debug|Any CPU
		{1D78DEA8-858C-40AF-8F0F-011B475CC520}.Debug|x86.Build.0 = Debug|Any CPU
		{1D78DEA8-858C-40AF-8F0F-011B475CC520}.Debug|x86.Deploy.0 = Debug|Any CPU
		{1D78DEA8-858C-40AF-8F0F-011B475CC520}.Release|Any CPU.ActiveCfg = Release|Any CPU
		{1D78DEA8-858C-40AF-8F0F-011B475CC520}.Release|Any CPU.Build.0 = Release|Any CPU
		{1D78DEA8-858C-40AF-8F0F-011B475CC520}.Release|Any CPU.Deploy.0 = Release|Any CPU
		{1D78DEA8-858C-40AF-8F0F-011B475CC520}.Release|ARM.ActiveCfg = Release|Any CPU
		{1D78DEA8-858C-40AF-8F0F-011B475CC520}.Release|ARM.Build.0 = Release|Any CPU
		{1D78DEA8-858C-40AF-8F0F-011B475CC520}.Release|ARM.Deploy.0 = Release|Any CPU
		{1D78DEA8-858C-40AF-8F0F-011B475CC520}.Release|iPhone.ActiveCfg = Release|Any CPU
		{1D78DEA8-858C-40AF-8F0F-011B475CC520}.Release|iPhone.Build.0 = Release|Any CPU
		{1D78DEA8-858C-40AF-8F0F-011B475CC520}.Release|iPhone.Deploy.0 = Release|Any CPU
		{1D78DEA8-858C-40AF-8F0F-011B475CC520}.Release|iPhoneSimulator.ActiveCfg = Release|Any CPU
		{1D78DEA8-858C-40AF-8F0F-011B475CC520}.Release|iPhoneSimulator.Build.0 = Release|Any CPU
		{1D78DEA8-858C-40AF-8F0F-011B475CC520}.Release|iPhoneSimulator.Deploy.0 = Release|Any CPU
		{1D78DEA8-858C-40AF-8F0F-011B475CC520}.Release|x64.ActiveCfg = Release|Any CPU
		{1D78DEA8-858C-40AF-8F0F-011B475CC520}.Release|x64.Build.0 = Release|Any CPU
		{1D78DEA8-858C-40AF-8F0F-011B475CC520}.Release|x64.Deploy.0 = Release|Any CPU
		{1D78DEA8-858C-40AF-8F0F-011B475CC520}.Release|x86.ActiveCfg = Release|Any CPU
		{1D78DEA8-858C-40AF-8F0F-011B475CC520}.Release|x86.Build.0 = Release|Any CPU
		{1D78DEA8-858C-40AF-8F0F-011B475CC520}.Release|x86.Deploy.0 = Release|Any CPU
		{64FEB0A6-561E-47FE-83ED-96F6F1FC5AFE}.Ad-Hoc|Any CPU.ActiveCfg = Ad-Hoc|iPhone
		{64FEB0A6-561E-47FE-83ED-96F6F1FC5AFE}.Ad-Hoc|ARM.ActiveCfg = Ad-Hoc|iPhone
		{64FEB0A6-561E-47FE-83ED-96F6F1FC5AFE}.Ad-Hoc|iPhone.ActiveCfg = Ad-Hoc|iPhone
		{64FEB0A6-561E-47FE-83ED-96F6F1FC5AFE}.Ad-Hoc|iPhone.Build.0 = Ad-Hoc|iPhone
		{64FEB0A6-561E-47FE-83ED-96F6F1FC5AFE}.Ad-Hoc|iPhoneSimulator.ActiveCfg = Ad-Hoc|iPhoneSimulator
		{64FEB0A6-561E-47FE-83ED-96F6F1FC5AFE}.Ad-Hoc|iPhoneSimulator.Build.0 = Ad-Hoc|iPhoneSimulator
		{64FEB0A6-561E-47FE-83ED-96F6F1FC5AFE}.Ad-Hoc|x64.ActiveCfg = Ad-Hoc|iPhone
		{64FEB0A6-561E-47FE-83ED-96F6F1FC5AFE}.Ad-Hoc|x86.ActiveCfg = Ad-Hoc|iPhone
		{64FEB0A6-561E-47FE-83ED-96F6F1FC5AFE}.AppStore|Any CPU.ActiveCfg = AppStore|iPhone
		{64FEB0A6-561E-47FE-83ED-96F6F1FC5AFE}.AppStore|ARM.ActiveCfg = AppStore|iPhone
		{64FEB0A6-561E-47FE-83ED-96F6F1FC5AFE}.AppStore|iPhone.ActiveCfg = AppStore|iPhone
		{64FEB0A6-561E-47FE-83ED-96F6F1FC5AFE}.AppStore|iPhone.Build.0 = AppStore|iPhone
		{64FEB0A6-561E-47FE-83ED-96F6F1FC5AFE}.AppStore|iPhoneSimulator.ActiveCfg = AppStore|iPhoneSimulator
		{64FEB0A6-561E-47FE-83ED-96F6F1FC5AFE}.AppStore|iPhoneSimulator.Build.0 = AppStore|iPhoneSimulator
		{64FEB0A6-561E-47FE-83ED-96F6F1FC5AFE}.AppStore|x64.ActiveCfg = AppStore|iPhone
		{64FEB0A6-561E-47FE-83ED-96F6F1FC5AFE}.AppStore|x86.ActiveCfg = AppStore|iPhone
		{64FEB0A6-561E-47FE-83ED-96F6F1FC5AFE}.Debug|Any CPU.ActiveCfg = Debug|iPhone
		{64FEB0A6-561E-47FE-83ED-96F6F1FC5AFE}.Debug|ARM.ActiveCfg = Debug|iPhone
		{64FEB0A6-561E-47FE-83ED-96F6F1FC5AFE}.Debug|iPhone.ActiveCfg = Debug|iPhone
		{64FEB0A6-561E-47FE-83ED-96F6F1FC5AFE}.Debug|iPhone.Build.0 = Debug|iPhone
		{64FEB0A6-561E-47FE-83ED-96F6F1FC5AFE}.Debug|iPhoneSimulator.ActiveCfg = Debug|iPhoneSimulator
		{64FEB0A6-561E-47FE-83ED-96F6F1FC5AFE}.Debug|iPhoneSimulator.Build.0 = Debug|iPhoneSimulator
		{64FEB0A6-561E-47FE-83ED-96F6F1FC5AFE}.Debug|x64.ActiveCfg = Debug|iPhone
		{64FEB0A6-561E-47FE-83ED-96F6F1FC5AFE}.Debug|x86.ActiveCfg = Debug|iPhone
		{64FEB0A6-561E-47FE-83ED-96F6F1FC5AFE}.Release|Any CPU.ActiveCfg = Release|iPhone
		{64FEB0A6-561E-47FE-83ED-96F6F1FC5AFE}.Release|ARM.ActiveCfg = Release|iPhone
		{64FEB0A6-561E-47FE-83ED-96F6F1FC5AFE}.Release|iPhone.ActiveCfg = Release|iPhone
		{64FEB0A6-561E-47FE-83ED-96F6F1FC5AFE}.Release|iPhone.Build.0 = Release|iPhone
		{64FEB0A6-561E-47FE-83ED-96F6F1FC5AFE}.Release|iPhoneSimulator.ActiveCfg = Release|iPhoneSimulator
		{64FEB0A6-561E-47FE-83ED-96F6F1FC5AFE}.Release|iPhoneSimulator.Build.0 = Release|iPhoneSimulator
		{64FEB0A6-561E-47FE-83ED-96F6F1FC5AFE}.Release|x64.ActiveCfg = Release|iPhone
		{64FEB0A6-561E-47FE-83ED-96F6F1FC5AFE}.Release|x86.ActiveCfg = Release|iPhone
		{7FBF6466-5FAC-4D4A-BAD4-95FCC5D9E829}.Ad-Hoc|Any CPU.ActiveCfg = Release|x86
		{7FBF6466-5FAC-4D4A-BAD4-95FCC5D9E829}.Ad-Hoc|Any CPU.Build.0 = Release|x86
		{7FBF6466-5FAC-4D4A-BAD4-95FCC5D9E829}.Ad-Hoc|Any CPU.Deploy.0 = Release|x86
		{7FBF6466-5FAC-4D4A-BAD4-95FCC5D9E829}.Ad-Hoc|ARM.ActiveCfg = Release|ARM
		{7FBF6466-5FAC-4D4A-BAD4-95FCC5D9E829}.Ad-Hoc|ARM.Build.0 = Release|ARM
		{7FBF6466-5FAC-4D4A-BAD4-95FCC5D9E829}.Ad-Hoc|ARM.Deploy.0 = Release|ARM
		{7FBF6466-5FAC-4D4A-BAD4-95FCC5D9E829}.Ad-Hoc|iPhone.ActiveCfg = Release|x86
		{7FBF6466-5FAC-4D4A-BAD4-95FCC5D9E829}.Ad-Hoc|iPhone.Build.0 = Release|x86
		{7FBF6466-5FAC-4D4A-BAD4-95FCC5D9E829}.Ad-Hoc|iPhone.Deploy.0 = Release|x86
		{7FBF6466-5FAC-4D4A-BAD4-95FCC5D9E829}.Ad-Hoc|iPhoneSimulator.ActiveCfg = Release|x86
		{7FBF6466-5FAC-4D4A-BAD4-95FCC5D9E829}.Ad-Hoc|iPhoneSimulator.Build.0 = Release|x86
		{7FBF6466-5FAC-4D4A-BAD4-95FCC5D9E829}.Ad-Hoc|iPhoneSimulator.Deploy.0 = Release|x86
		{7FBF6466-5FAC-4D4A-BAD4-95FCC5D9E829}.Ad-Hoc|x64.ActiveCfg = Release|x64
		{7FBF6466-5FAC-4D4A-BAD4-95FCC5D9E829}.Ad-Hoc|x64.Build.0 = Release|x64
		{7FBF6466-5FAC-4D4A-BAD4-95FCC5D9E829}.Ad-Hoc|x64.Deploy.0 = Release|x64
		{7FBF6466-5FAC-4D4A-BAD4-95FCC5D9E829}.Ad-Hoc|x86.ActiveCfg = Release|x86
		{7FBF6466-5FAC-4D4A-BAD4-95FCC5D9E829}.Ad-Hoc|x86.Build.0 = Release|x86
		{7FBF6466-5FAC-4D4A-BAD4-95FCC5D9E829}.Ad-Hoc|x86.Deploy.0 = Release|x86
		{7FBF6466-5FAC-4D4A-BAD4-95FCC5D9E829}.AppStore|Any CPU.ActiveCfg = Release|x86
		{7FBF6466-5FAC-4D4A-BAD4-95FCC5D9E829}.AppStore|Any CPU.Build.0 = Release|x86
		{7FBF6466-5FAC-4D4A-BAD4-95FCC5D9E829}.AppStore|Any CPU.Deploy.0 = Release|x86
		{7FBF6466-5FAC-4D4A-BAD4-95FCC5D9E829}.AppStore|ARM.ActiveCfg = Release|ARM
		{7FBF6466-5FAC-4D4A-BAD4-95FCC5D9E829}.AppStore|ARM.Build.0 = Release|ARM
		{7FBF6466-5FAC-4D4A-BAD4-95FCC5D9E829}.AppStore|ARM.Deploy.0 = Release|ARM
		{7FBF6466-5FAC-4D4A-BAD4-95FCC5D9E829}.AppStore|iPhone.ActiveCfg = Release|x86
		{7FBF6466-5FAC-4D4A-BAD4-95FCC5D9E829}.AppStore|iPhone.Build.0 = Release|x86
		{7FBF6466-5FAC-4D4A-BAD4-95FCC5D9E829}.AppStore|iPhone.Deploy.0 = Release|x86
		{7FBF6466-5FAC-4D4A-BAD4-95FCC5D9E829}.AppStore|iPhoneSimulator.ActiveCfg = Release|x86
		{7FBF6466-5FAC-4D4A-BAD4-95FCC5D9E829}.AppStore|iPhoneSimulator.Build.0 = Release|x86
		{7FBF6466-5FAC-4D4A-BAD4-95FCC5D9E829}.AppStore|iPhoneSimulator.Deploy.0 = Release|x86
		{7FBF6466-5FAC-4D4A-BAD4-95FCC5D9E829}.AppStore|x64.ActiveCfg = Release|x64
		{7FBF6466-5FAC-4D4A-BAD4-95FCC5D9E829}.AppStore|x64.Build.0 = Release|x64
		{7FBF6466-5FAC-4D4A-BAD4-95FCC5D9E829}.AppStore|x64.Deploy.0 = Release|x64
		{7FBF6466-5FAC-4D4A-BAD4-95FCC5D9E829}.AppStore|x86.ActiveCfg = Release|x86
		{7FBF6466-5FAC-4D4A-BAD4-95FCC5D9E829}.AppStore|x86.Build.0 = Release|x86
		{7FBF6466-5FAC-4D4A-BAD4-95FCC5D9E829}.AppStore|x86.Deploy.0 = Release|x86
		{7FBF6466-5FAC-4D4A-BAD4-95FCC5D9E829}.Debug|Any CPU.ActiveCfg = Debug|x86
		{7FBF6466-5FAC-4D4A-BAD4-95FCC5D9E829}.Debug|ARM.ActiveCfg = Debug|ARM
		{7FBF6466-5FAC-4D4A-BAD4-95FCC5D9E829}.Debug|ARM.Build.0 = Debug|ARM
		{7FBF6466-5FAC-4D4A-BAD4-95FCC5D9E829}.Debug|ARM.Deploy.0 = Debug|ARM
		{7FBF6466-5FAC-4D4A-BAD4-95FCC5D9E829}.Debug|iPhone.ActiveCfg = Debug|x86
		{7FBF6466-5FAC-4D4A-BAD4-95FCC5D9E829}.Debug|iPhoneSimulator.ActiveCfg = Debug|x86
		{7FBF6466-5FAC-4D4A-BAD4-95FCC5D9E829}.Debug|x64.ActiveCfg = Debug|x64
		{7FBF6466-5FAC-4D4A-BAD4-95FCC5D9E829}.Debug|x64.Build.0 = Debug|x64
		{7FBF6466-5FAC-4D4A-BAD4-95FCC5D9E829}.Debug|x64.Deploy.0 = Debug|x64
		{7FBF6466-5FAC-4D4A-BAD4-95FCC5D9E829}.Debug|x86.ActiveCfg = Debug|x86
		{7FBF6466-5FAC-4D4A-BAD4-95FCC5D9E829}.Debug|x86.Build.0 = Debug|x86
		{7FBF6466-5FAC-4D4A-BAD4-95FCC5D9E829}.Debug|x86.Deploy.0 = Debug|x86
		{7FBF6466-5FAC-4D4A-BAD4-95FCC5D9E829}.Release|Any CPU.ActiveCfg = Release|x86
		{7FBF6466-5FAC-4D4A-BAD4-95FCC5D9E829}.Release|ARM.ActiveCfg = Release|ARM
		{7FBF6466-5FAC-4D4A-BAD4-95FCC5D9E829}.Release|ARM.Build.0 = Release|ARM
		{7FBF6466-5FAC-4D4A-BAD4-95FCC5D9E829}.Release|ARM.Deploy.0 = Release|ARM
		{7FBF6466-5FAC-4D4A-BAD4-95FCC5D9E829}.Release|iPhone.ActiveCfg = Release|x86
		{7FBF6466-5FAC-4D4A-BAD4-95FCC5D9E829}.Release|iPhoneSimulator.ActiveCfg = Release|x86
		{7FBF6466-5FAC-4D4A-BAD4-95FCC5D9E829}.Release|x64.ActiveCfg = Release|x64
		{7FBF6466-5FAC-4D4A-BAD4-95FCC5D9E829}.Release|x64.Build.0 = Release|x64
		{7FBF6466-5FAC-4D4A-BAD4-95FCC5D9E829}.Release|x64.Deploy.0 = Release|x64
		{7FBF6466-5FAC-4D4A-BAD4-95FCC5D9E829}.Release|x86.ActiveCfg = Release|x86
		{7FBF6466-5FAC-4D4A-BAD4-95FCC5D9E829}.Release|x86.Build.0 = Release|x86
		{7FBF6466-5FAC-4D4A-BAD4-95FCC5D9E829}.Release|x86.Deploy.0 = Release|x86
		{EA0297D3-0D9E-4408-A110-091806FA329F}.Ad-Hoc|Any CPU.ActiveCfg = Debug|Any CPU
		{EA0297D3-0D9E-4408-A110-091806FA329F}.Ad-Hoc|Any CPU.Build.0 = Debug|Any CPU
		{EA0297D3-0D9E-4408-A110-091806FA329F}.Ad-Hoc|ARM.ActiveCfg = Debug|Any CPU
		{EA0297D3-0D9E-4408-A110-091806FA329F}.Ad-Hoc|ARM.Build.0 = Debug|Any CPU
		{EA0297D3-0D9E-4408-A110-091806FA329F}.Ad-Hoc|iPhone.ActiveCfg = Debug|Any CPU
		{EA0297D3-0D9E-4408-A110-091806FA329F}.Ad-Hoc|iPhone.Build.0 = Debug|Any CPU
		{EA0297D3-0D9E-4408-A110-091806FA329F}.Ad-Hoc|iPhoneSimulator.ActiveCfg = Debug|Any CPU
		{EA0297D3-0D9E-4408-A110-091806FA329F}.Ad-Hoc|iPhoneSimulator.Build.0 = Debug|Any CPU
		{EA0297D3-0D9E-4408-A110-091806FA329F}.Ad-Hoc|x64.ActiveCfg = Debug|Any CPU
		{EA0297D3-0D9E-4408-A110-091806FA329F}.Ad-Hoc|x64.Build.0 = Debug|Any CPU
		{EA0297D3-0D9E-4408-A110-091806FA329F}.Ad-Hoc|x86.ActiveCfg = Debug|Any CPU
		{EA0297D3-0D9E-4408-A110-091806FA329F}.Ad-Hoc|x86.Build.0 = Debug|Any CPU
		{EA0297D3-0D9E-4408-A110-091806FA329F}.AppStore|Any CPU.ActiveCfg = Debug|Any CPU
		{EA0297D3-0D9E-4408-A110-091806FA329F}.AppStore|Any CPU.Build.0 = Debug|Any CPU
		{EA0297D3-0D9E-4408-A110-091806FA329F}.AppStore|ARM.ActiveCfg = Debug|Any CPU
		{EA0297D3-0D9E-4408-A110-091806FA329F}.AppStore|ARM.Build.0 = Debug|Any CPU
		{EA0297D3-0D9E-4408-A110-091806FA329F}.AppStore|iPhone.ActiveCfg = Debug|Any CPU
		{EA0297D3-0D9E-4408-A110-091806FA329F}.AppStore|iPhone.Build.0 = Debug|Any CPU
		{EA0297D3-0D9E-4408-A110-091806FA329F}.AppStore|iPhoneSimulator.ActiveCfg = Debug|Any CPU
		{EA0297D3-0D9E-4408-A110-091806FA329F}.AppStore|iPhoneSimulator.Build.0 = Debug|Any CPU
		{EA0297D3-0D9E-4408-A110-091806FA329F}.AppStore|x64.ActiveCfg = Debug|Any CPU
		{EA0297D3-0D9E-4408-A110-091806FA329F}.AppStore|x64.Build.0 = Debug|Any CPU
		{EA0297D3-0D9E-4408-A110-091806FA329F}.AppStore|x86.ActiveCfg = Debug|Any CPU
		{EA0297D3-0D9E-4408-A110-091806FA329F}.AppStore|x86.Build.0 = Debug|Any CPU
		{EA0297D3-0D9E-4408-A110-091806FA329F}.Debug|Any CPU.ActiveCfg = Debug|Any CPU
		{EA0297D3-0D9E-4408-A110-091806FA329F}.Debug|Any CPU.Build.0 = Debug|Any CPU
		{EA0297D3-0D9E-4408-A110-091806FA329F}.Debug|ARM.ActiveCfg = Debug|Any CPU
		{EA0297D3-0D9E-4408-A110-091806FA329F}.Debug|ARM.Build.0 = Debug|Any CPU
		{EA0297D3-0D9E-4408-A110-091806FA329F}.Debug|iPhone.ActiveCfg = Debug|Any CPU
		{EA0297D3-0D9E-4408-A110-091806FA329F}.Debug|iPhone.Build.0 = Debug|Any CPU
		{EA0297D3-0D9E-4408-A110-091806FA329F}.Debug|iPhoneSimulator.ActiveCfg = Debug|Any CPU
		{EA0297D3-0D9E-4408-A110-091806FA329F}.Debug|iPhoneSimulator.Build.0 = Debug|Any CPU
		{EA0297D3-0D9E-4408-A110-091806FA329F}.Debug|x64.ActiveCfg = Debug|Any CPU
		{EA0297D3-0D9E-4408-A110-091806FA329F}.Debug|x64.Build.0 = Debug|Any CPU
		{EA0297D3-0D9E-4408-A110-091806FA329F}.Debug|x86.ActiveCfg = Debug|Any CPU
		{EA0297D3-0D9E-4408-A110-091806FA329F}.Debug|x86.Build.0 = Debug|Any CPU
		{EA0297D3-0D9E-4408-A110-091806FA329F}.Release|Any CPU.ActiveCfg = Release|Any CPU
		{EA0297D3-0D9E-4408-A110-091806FA329F}.Release|Any CPU.Build.0 = Release|Any CPU
		{EA0297D3-0D9E-4408-A110-091806FA329F}.Release|ARM.ActiveCfg = Release|Any CPU
		{EA0297D3-0D9E-4408-A110-091806FA329F}.Release|ARM.Build.0 = Release|Any CPU
		{EA0297D3-0D9E-4408-A110-091806FA329F}.Release|iPhone.ActiveCfg = Release|Any CPU
		{EA0297D3-0D9E-4408-A110-091806FA329F}.Release|iPhone.Build.0 = Release|Any CPU
		{EA0297D3-0D9E-4408-A110-091806FA329F}.Release|iPhoneSimulator.ActiveCfg = Release|Any CPU
		{EA0297D3-0D9E-4408-A110-091806FA329F}.Release|iPhoneSimulator.Build.0 = Release|Any CPU
		{EA0297D3-0D9E-4408-A110-091806FA329F}.Release|x64.ActiveCfg = Release|Any CPU
		{EA0297D3-0D9E-4408-A110-091806FA329F}.Release|x64.Build.0 = Release|Any CPU
		{EA0297D3-0D9E-4408-A110-091806FA329F}.Release|x86.ActiveCfg = Release|Any CPU
		{EA0297D3-0D9E-4408-A110-091806FA329F}.Release|x86.Build.0 = Release|Any CPU
	EndGlobalSection
	GlobalSection(SolutionProperties) = preSolution
		HideSolutionNode = FALSE
	EndGlobalSection
	GlobalSection(ExtensibilityGlobals) = postSolution
		SolutionGuid = {71995E75-14DA-457B-9E0C-26AA9D03F3C7}
	EndGlobalSection
EndGlobal
